
Microsoft Visual Studio Solution File, Format Version 12.00
# Visual Studio Version 17
VisualStudioVersion = 17.11.35208.52
MinimumVisualStudioVersion = 10.0.40219.1
Project("{FAE04EC0-301F-11D3-BF4B-00C04F79EFBC}") = "StefamJativa_Semana4_Progrmacion4", "StefamJativa_Semana4_Progrmacion4\StefamJativa_Semana4_Progrmacion4.csproj", "{BCE0BE78-2380-4FF8-BCB0-76C76E4B907E}"
EndProject
Global
	GlobalSection(SolutionConfigurationPlatforms) = preSolution
		Debug|Any CPU = Debug|Any CPU
		Release|Any CPU = Release|Any CPU
	EndGlobalSection
	GlobalSection(ProjectConfigurationPlatforms) = postSolution
		{BCE0BE78-2380-4FF8-BCB0-76C76E4B907E}.Debug|Any CPU.ActiveCfg = Debug|Any CPU
		{BCE0BE78-2380-4FF8-BCB0-76C76E4B907E}.Debug|Any CPU.Build.0 = Debug|Any CPU
		{BCE0BE78-2380-4FF8-BCB0-76C76E4B907E}.Release|Any CPU.ActiveCfg = Release|Any CPU
		{BCE0BE78-2380-4FF8-BCB0-76C76E4B907E}.Release|Any CPU.Build.0 = Release|Any CPU
	EndGlobalSection
	GlobalSection(SolutionProperties) = preSolution
		HideSolutionNode = FALSE
	EndGlobalSection
	GlobalSection(ExtensibilityGlobals) = postSolution
		SolutionGuid = {CB602F61-A899-4DD7-B89F-F8D5D37B9D85}
	EndGlobalSection
EndGlobal
